
Microsoft Visual Studio Solution File, Format Version 12.00
# Visual Studio Version 16
VisualStudioVersion = 25.0.1700.2
MinimumVisualStudioVersion = 10.0.40219.1
Project("{FAE04EC0-301F-11D3-BF4B-00C04F79EFBC}") = "HomeTestCrisp", "HomeTestCrisp\HomeTestCrisp.csproj", "{9DCB67A2-ADA4-498E-81BA-AC02246D04E5}"
EndProject
Project("{FAE04EC0-301F-11D3-BF4B-00C04F79EFBC}") = "HomeTestCrispTests", "HomeTestCrispTests\HomeTestCrispTests.csproj", "{04B6DFB4-4C4D-40FF-BBEE-29C110DD4E6E}"
EndProject
Global
	GlobalSection(SolutionConfigurationPlatforms) = preSolution
		Debug|Any CPU = Debug|Any CPU
		Release|Any CPU = Release|Any CPU
	EndGlobalSection
	GlobalSection(ProjectConfigurationPlatforms) = postSolution
		{9DCB67A2-ADA4-498E-81BA-AC02246D04E5}.Debug|Any CPU.ActiveCfg = Debug|Any CPU
		{9DCB67A2-ADA4-498E-81BA-AC02246D04E5}.Debug|Any CPU.Build.0 = Debug|Any CPU
		{9DCB67A2-ADA4-498E-81BA-AC02246D04E5}.Release|Any CPU.ActiveCfg = Release|Any CPU
		{9DCB67A2-ADA4-498E-81BA-AC02246D04E5}.Release|Any CPU.Build.0 = Release|Any CPU
		{04B6DFB4-4C4D-40FF-BBEE-29C110DD4E6E}.Debug|Any CPU.ActiveCfg = Debug|Any CPU
		{04B6DFB4-4C4D-40FF-BBEE-29C110DD4E6E}.Debug|Any CPU.Build.0 = Debug|Any CPU
		{04B6DFB4-4C4D-40FF-BBEE-29C110DD4E6E}.Release|Any CPU.ActiveCfg = Release|Any CPU
		{04B6DFB4-4C4D-40FF-BBEE-29C110DD4E6E}.Release|Any CPU.Build.0 = Release|Any CPU
	EndGlobalSection
	GlobalSection(SolutionProperties) = preSolution
		HideSolutionNode = FALSE
	EndGlobalSection
	GlobalSection(ExtensibilityGlobals) = postSolution
		SolutionGuid = {EFAE1AF6-EB53-4357-8BF9-A02F7C357B2B}
	EndGlobalSection
EndGlobal
